
Microsoft Visual Studio Solution File, Format Version 12.00
# Visual Studio Version 17
VisualStudioVersion = 17.5.33516.290
MinimumVisualStudioVersion = 10.0.40219.1
Project("{FAE04EC0-301F-11D3-BF4B-00C04F79EFBC}") = "JtsWrapper", "JtsWrapper\JtsWrapper.csproj", "{CFC84629-803E-4774-91DD-AB7E5F306EF4}"
EndProject
Global
	GlobalSection(SolutionConfigurationPlatforms) = preSolution
		Debug|Any CPU = Debug|Any CPU
		Release|Any CPU = Release|Any CPU
	EndGlobalSection
	GlobalSection(ProjectConfigurationPlatforms) = postSolution
		{CFC84629-803E-4774-91DD-AB7E5F306EF4}.Debug|Any CPU.ActiveCfg = Debug|Any CPU
		{CFC84629-803E-4774-91DD-AB7E5F306EF4}.Debug|Any CPU.Build.0 = Debug|Any CPU
		{CFC84629-803E-4774-91DD-AB7E5F306EF4}.Release|Any CPU.ActiveCfg = Release|Any CPU
		{CFC84629-803E-4774-91DD-AB7E5F306EF4}.Release|Any CPU.Build.0 = Release|Any CPU
	EndGlobalSection
	GlobalSection(SolutionProperties) = preSolution
		HideSolutionNode = FALSE
	EndGlobalSection
	GlobalSection(ExtensibilityGlobals) = postSolution
		SolutionGuid = {63F06536-B6BA-42DB-9FED-62F707D40C70}
	EndGlobalSection
EndGlobal
